// !$*UTF8*$!
{
	archiveVersion = 1;
	classes = {
	};
	objectVersion = 50;
	objects = {

/* Begin PBXBuildFile section */
		F61F67ED23B95E0B0048AB1B /* chest.swift in Sources */ = {isa = PBXBuildFile; fileRef = F61F67EC23B95E0B0048AB1B /* chest.swift */; };
		F686589823B7DC1600829BDD /* characters.swift in Sources */ = {isa = PBXBuildFile; fileRef = F686589723B7DC1600829BDD /* characters.swift */; };
		F686589A23B7DD5300829BDD /* characterBot.swift in Sources */ = {isa = PBXBuildFile; fileRef = F686589923B7DD5300829BDD /* characterBot.swift */; };
		F6AE0B9323C35D5E0017004C /* characterPaladin.swift in Sources */ = {isa = PBXBuildFile; fileRef = F6AE0B9223C35D5E0017004C /* characterPaladin.swift */; };
		F6AE0B9523C35D770017004C /* characterBarbarian.swift in Sources */ = {isa = PBXBuildFile; fileRef = F6AE0B9423C35D770017004C /* characterBarbarian.swift */; };
		F6AE0B9723C35D8A0017004C /* characterHealer.swift in Sources */ = {isa = PBXBuildFile; fileRef = F6AE0B9623C35D8A0017004C /* characterHealer.swift */; };
		F6AE0B9923C35DB40017004C /* characterBotBarbarian.swift in Sources */ = {isa = PBXBuildFile; fileRef = F6AE0B9823C35DB40017004C /* characterBotBarbarian.swift */; };
		F6AE0B9B23C35DD80017004C /* characterBotPaladin.swift in Sources */ = {isa = PBXBuildFile; fileRef = F6AE0B9A23C35DD80017004C /* characterBotPaladin.swift */; };
		F6AE0B9D23C35DEB0017004C /* characterBotWarrior.swift in Sources */ = {isa = PBXBuildFile; fileRef = F6AE0B9C23C35DEB0017004C /* characterBotWarrior.swift */; };
		F6DD745C23B6629F00F67EB4 /* main.swift in Sources */ = {isa = PBXBuildFile; fileRef = F6DD745B23B6629F00F67EB4 /* main.swift */; };
/* End PBXBuildFile section */

/* Begin PBXCopyFilesBuildPhase section */
		F6DD745623B6629F00F67EB4 /* CopyFiles */ = {
			isa = PBXCopyFilesBuildPhase;
			buildActionMask = 2147483647;
			dstPath = /usr/share/man/man1/;
			dstSubfolderSpec = 0;
			files = (
			);
			runOnlyForDeploymentPostprocessing = 1;
		};
/* End PBXCopyFilesBuildPhase section */

/* Begin PBXFileReference section */
		F61F67EC23B95E0B0048AB1B /* chest.swift */ = {isa = PBXFileReference; lastKnownFileType = sourcecode.swift; path = chest.swift; sourceTree = "<group>"; };
		F686589723B7DC1600829BDD /* characters.swift */ = {isa = PBXFileReference; lastKnownFileType = sourcecode.swift; path = characters.swift; sourceTree = "<group>"; };
		F686589923B7DD5300829BDD /* characterBot.swift */ = {isa = PBXFileReference; lastKnownFileType = sourcecode.swift; path = characterBot.swift; sourceTree = "<group>"; };
		F6AE0B9223C35D5E0017004C /* characterPaladin.swift */ = {isa = PBXFileReference; lastKnownFileType = sourcecode.swift; path = characterPaladin.swift; sourceTree = "<group>"; };
		F6AE0B9423C35D770017004C /* characterBarbarian.swift */ = {isa = PBXFileReference; lastKnownFileType = sourcecode.swift; path = characterBarbarian.swift; sourceTree = "<group>"; };
		F6AE0B9623C35D8A0017004C /* characterHealer.swift */ = {isa = PBXFileReference; lastKnownFileType = sourcecode.swift; path = characterHealer.swift; sourceTree = "<group>"; };
		F6AE0B9823C35DB40017004C /* characterBotBarbarian.swift */ = {isa = PBXFileReference; lastKnownFileType = sourcecode.swift; path = characterBotBarbarian.swift; sourceTree = "<group>"; };
		F6AE0B9A23C35DD80017004C /* characterBotPaladin.swift */ = {isa = PBXFileReference; lastKnownFileType = sourcecode.swift; path = characterBotPaladin.swift; sourceTree = "<group>"; };
		F6AE0B9C23C35DEB0017004C /* characterBotWarrior.swift */ = {isa = PBXFileReference; lastKnownFileType = sourcecode.swift; path = characterBotWarrior.swift; sourceTree = "<group>"; };
		F6DD745823B6629F00F67EB4 /* Projet3-RPG-OC */ = {isa = PBXFileReference; explicitFileType = "compiled.mach-o.executable"; includeInIndex = 0; path = "Projet3-RPG-OC"; sourceTree = BUILT_PRODUCTS_DIR; };
		F6DD745B23B6629F00F67EB4 /* main.swift */ = {isa = PBXFileReference; lastKnownFileType = sourcecode.swift; path = main.swift; sourceTree = "<group>"; };
/* End PBXFileReference section */

/* Begin PBXFrameworksBuildPhase section */
		F6DD745523B6629F00F67EB4 /* Frameworks */ = {
			isa = PBXFrameworksBuildPhase;
			buildActionMask = 2147483647;
			files = (
			);
			runOnlyForDeploymentPostprocessing = 0;
		};
/* End PBXFrameworksBuildPhase section */

/* Begin PBXGroup section */
		F6DD744F23B6629E00F67EB4 = {
			isa = PBXGroup;
			children = (
				F6DD745A23B6629F00F67EB4 /* Projet3-RPG-OC */,
				F6DD745923B6629F00F67EB4 /* Products */,
			);
			sourceTree = "<group>";
		};
		F6DD745923B6629F00F67EB4 /* Products */ = {
			isa = PBXGroup;
			children = (
				F6DD745823B6629F00F67EB4 /* Projet3-RPG-OC */,
			);
			name = Products;
			sourceTree = "<group>";
		};
		F6DD745A23B6629F00F67EB4 /* Projet3-RPG-OC */ = {
			isa = PBXGroup;
			children = (
				F6DD745B23B6629F00F67EB4 /* main.swift */,
				F686589723B7DC1600829BDD /* characters.swift */,
				F6AE0B9423C35D770017004C /* characterBarbarian.swift */,
				F6AE0B9223C35D5E0017004C /* characterPaladin.swift */,
				F6AE0B9623C35D8A0017004C /* characterHealer.swift */,
				F686589923B7DD5300829BDD /* characterBot.swift */,
				F6AE0B9823C35DB40017004C /* characterBotBarbarian.swift */,
				F6AE0B9A23C35DD80017004C /* characterBotPaladin.swift */,
				F6AE0B9C23C35DEB0017004C /* characterBotWarrior.swift */,
				F61F67EC23B95E0B0048AB1B /* chest.swift */,
			);
			path = "Projet3-RPG-OC";
			sourceTree = "<group>";
		};
/* End PBXGroup section */

/* Begin PBXNativeTarget section */
		F6DD745723B6629F00F67EB4 /* Projet3-RPG-OC */ = {
			isa = PBXNativeTarget;
			buildConfigurationList = F6DD745F23B6629F00F67EB4 /* Build configuration list for PBXNativeTarget "Projet3-RPG-OC" */;
			buildPhases = (
				F6DD745423B6629F00F67EB4 /* Sources */,
				F6DD745523B6629F00F67EB4 /* Frameworks */,
				F6DD745623B6629F00F67EB4 /* CopyFiles */,
			);
			buildRules = (
			);
			dependencies = (
			);
			name = "Projet3-RPG-OC";
			productName = "Projet3-RPG-OC";
			productReference = F6DD745823B6629F00F67EB4 /* Projet3-RPG-OC */;
			productType = "com.apple.product-type.tool";
		};
/* End PBXNativeTarget section */

/* Begin PBXProject section */
		F6DD745023B6629E00F67EB4 /* Project object */ = {
			isa = PBXProject;
			attributes = {
				LastSwiftUpdateCheck = 1130;
				LastUpgradeCheck = 1130;
				ORGANIZATIONNAME = "Maxime DUTOUR";
				TargetAttributes = {
					F6DD745723B6629F00F67EB4 = {
						CreatedOnToolsVersion = 11.3;
					};
				};
			};
			buildConfigurationList = F6DD745323B6629E00F67EB4 /* Build configuration list for PBXProject "Projet3-RPG-OC" */;
			compatibilityVersion = "Xcode 9.3";
			developmentRegion = en;
			hasScannedForEncodings = 0;
			knownRegions = (
				en,
				Base,
			);
			mainGroup = F6DD744F23B6629E00F67EB4;
			productRefGroup = F6DD745923B6629F00F67EB4 /* Products */;
			projectDirPath = "";
			projectRoot = "";
			targets = (
				F6DD745723B6629F00F67EB4 /* Projet3-RPG-OC */,
			);
		};
/* End PBXProject section */

/* Begin PBXSourcesBuildPhase section */
		F6DD745423B6629F00F67EB4 /* Sources */ = {
			isa = PBXSourcesBuildPhase;
			buildActionMask = 2147483647;
			files = (
				F6DD745C23B6629F00F67EB4 /* main.swift in Sources */,
				F6AE0B9323C35D5E0017004C /* characterPaladin.swift in Sources */,
				F61F67ED23B95E0B0048AB1B /* chest.swift in Sources */,
				F6AE0B9D23C35DEB0017004C /* characterBotWarrior.swift in Sources */,
				F686589823B7DC1600829BDD /* characters.swift in Sources */,
				F6AE0B9923C35DB40017004C /* characterBotBarbarian.swift in Sources */,
				F6AE0B9523C35D770017004C /* characterBarbarian.swift in Sources */,
				F686589A23B7DD5300829BDD /* characterBot.swift in Sources */,
				F6AE0B9723C35D8A0017004C /* characterHealer.swift in Sources */,
				F6AE0B9B23C35DD80017004C /* characterBotPaladin.swift in Sources */,
			);
			runOnlyForDeploymentPostprocessing = 0;
		};
/* End PBXSourcesBuildPhase section */

/* Begin XCBuildConfiguration section */
		F6DD745D23B6629F00F67EB4 /* Debug */ = {
			isa = XCBuildConfiguration;
			buildSettings = {
				ALWAYS_SEARCH_USER_PATHS = NO;
				CLANG_ANALYZER_NONNULL = YES;
				CLANG_ANALYZER_NUMBER_OBJECT_CONVERSION = YES_AGGRESSIVE;
				CLANG_CXX_LANGUAGE_STANDARD = "gnu++14";
				CLANG_CXX_LIBRARY = "libc++";
				CLANG_ENABLE_MODULES = YES;
				CLANG_ENABLE_OBJC_ARC = YES;
				CLANG_ENABLE_OBJC_WEAK = YES;
				CLANG_WARN_BLOCK_CAPTURE_AUTORELEASING = YES;
				CLANG_WARN_BOOL_CONVERSION = YES;
				CLANG_WARN_COMMA = YES;
				CLANG_WARN_CONSTANT_CONVERSION = YES;
				CLANG_WARN_DEPRECATED_OBJC_IMPLEMENTATIONS = YES;
				CLANG_WARN_DIRECT_OBJC_ISA_USAGE = YES_ERROR;
				CLANG_WARN_DOCUMENTATION_COMMENTS = YES;
				CLANG_WARN_EMPTY_BODY = YES;
				CLANG_WARN_ENUM_CONVERSION = YES;
				CLANG_WARN_INFINITE_RECURSION = YES;
				CLANG_WARN_INT_CONVERSION = YES;
				CLANG_WARN_NON_LITERAL_NULL_CONVERSION = YES;
				CLANG_WARN_OBJC_IMPLICIT_RETAIN_SELF = YES;
				CLANG_WARN_OBJC_LITERAL_CONVERSION = YES;
				CLANG_WARN_OBJC_ROOT_CLASS = YES_ERROR;
				CLANG_WARN_RANGE_LOOP_ANALYSIS = YES;
				CLANG_WARN_STRICT_PROTOTYPES = YES;
				CLANG_WARN_SUSPICIOUS_MOVE = YES;
				CLANG_WARN_UNGUARDED_AVAILABILITY = YES_AGGRESSIVE;
				CLANG_WARN_UNREACHABLE_CODE = YES;
				CLANG_WARN__DUPLICATE_METHOD_MATCH = YES;
				COPY_PHASE_STRIP = NO;
				DEBUG_INFORMATION_FORMAT = dwarf;
				ENABLE_STRICT_OBJC_MSGSEND = YES;
				ENABLE_TESTABILITY = YES;
				GCC_C_LANGUAGE_STANDARD = gnu11;
				GCC_DYNAMIC_NO_PIC = NO;
				GCC_NO_COMMON_BLOCKS = YES;
				GCC_OPTIMIZATION_LEVEL = 0;
				GCC_PREPROCESSOR_DEFINITIONS = (
					"DEBUG=1",
					"$(inherited)",
				);
				GCC_WARN_64_TO_32_BIT_CONVERSION = YES;
				GCC_WARN_ABOUT_RETURN_TYPE = YES_ERROR;
				GCC_WARN_UNDECLARED_SELECTOR = YES;
				GCC_WARN_UNINITIALIZED_AUTOS = YES_AGGRESSIVE;
				GCC_WARN_UNUSED_FUNCTION = YES;
				GCC_WARN_UNUSED_VARIABLE = YES;
				MACOSX_DEPLOYMENT_TARGET = 10.15;
				MTL_ENABLE_DEBUG_INFO = INCLUDE_SOURCE;
				MTL_FAST_MATH = YES;
				ONLY_ACTIVE_ARCH = YES;
				SDKROOT = macosx;
				SWIFT_ACTIVE_COMPILATION_CONDITIONS = DEBUG;
				SWIFT_OPTIMIZATION_LEVEL = "-Onone";
			};
			name = Debug;
		};
		F6DD745E23B6629F00F67EB4 /* Release */ = {
			isa = XCBuildConfiguration;
			buildSettings = {
				ALWAYS_SEARCH_USER_PATHS = NO;
				CLANG_ANALYZER_NONNULL = YES;
				CLANG_ANALYZER_NUMBER_OBJECT_CONVERSION = YES_AGGRESSIVE;
				CLANG_CXX_LANGUAGE_STANDARD = "gnu++14";
				CLANG_CXX_LIBRARY = "libc++";
				CLANG_ENABLE_MODULES = YES;
				CLANG_ENABLE_OBJC_ARC = YES;
				CLANG_ENABLE_OBJC_WEAK = YES;
				CLANG_WARN_BLOCK_CAPTURE_AUTORELEASING = YES;
				CLANG_WARN_BOOL_CONVERSION = YES;
				CLANG_WARN_COMMA = YES;
				CLANG_WARN_CONSTANT_CONVERSION = YES;
				CLANG_WARN_DEPRECATED_OBJC_IMPLEMENTATIONS = YES;
				CLANG_WARN_DIRECT_OBJC_ISA_USAGE = YES_ERROR;
				CLANG_WARN_DOCUMENTATION_COMMENTS = YES;
				CLANG_WARN_EMPTY_BODY = YES;
				CLANG_WARN_ENUM_CONVERSION = YES;
				CLANG_WARN_INFINITE_RECURSION = YES;
				CLANG_WARN_INT_CONVERSION = YES;
				CLANG_WARN_NON_LITERAL_NULL_CONVERSION = YES;
				CLANG_WARN_OBJC_IMPLICIT_RETAIN_SELF = YES;
				CLANG_WARN_OBJC_LITERAL_CONVERSION = YES;
				CLANG_WARN_OBJC_ROOT_CLASS = YES_ERROR;
				CLANG_WARN_RANGE_LOOP_ANALYSIS = YES;
				CLANG_WARN_STRICT_PROTOTYPES = YES;
				CLANG_WARN_SUSPICIOUS_MOVE = YES;
				CLANG_WARN_UNGUARDED_AVAILABILITY = YES_AGGRESSIVE;
				CLANG_WARN_UNREACHABLE_CODE = YES;
				CLANG_WARN__DUPLICATE_METHOD_MATCH = YES;
				COPY_PHASE_STRIP = NO;
				DEBUG_INFORMATION_FORMAT = "dwarf-with-dsym";
				ENABLE_NS_ASSERTIONS = NO;
				ENABLE_STRICT_OBJC_MSGSEND = YES;
				GCC_C_LANGUAGE_STANDARD = gnu11;
				GCC_NO_COMMON_BLOCKS = YES;
				GCC_WARN_64_TO_32_BIT_CONVERSION = YES;
				GCC_WARN_ABOUT_RETURN_TYPE = YES_ERROR;
				GCC_WARN_UNDECLARED_SELECTOR = YES;
				GCC_WARN_UNINITIALIZED_AUTOS = YES_AGGRESSIVE;
				GCC_WARN_UNUSED_FUNCTION = YES;
				GCC_WARN_UNUSED_VARIABLE = YES;
				MACOSX_DEPLOYMENT_TARGET = 10.15;
				MTL_ENABLE_DEBUG_INFO = NO;
				MTL_FAST_MATH = YES;
				SDKROOT = macosx;
				SWIFT_COMPILATION_MODE = wholemodule;
				SWIFT_OPTIMIZATION_LEVEL = "-O";
			};
			name = Release;
		};
		F6DD746023B6629F00F67EB4 /* Debug */ = {
			isa = XCBuildConfiguration;
			buildSettings = {
				CODE_SIGN_STYLE = Automatic;
				DEVELOPMENT_TEAM = AA5VN79S9K;
				ENABLE_HARDENED_RUNTIME = YES;
				PRODUCT_NAME = "$(TARGET_NAME)";
				SWIFT_VERSION = 5.0;
			};
			name = Debug;
		};
		F6DD746123B6629F00F67EB4 /* Release */ = {
			isa = XCBuildConfiguration;
			buildSettings = {
				CODE_SIGN_STYLE = Automatic;
				DEVELOPMENT_TEAM = AA5VN79S9K;
				ENABLE_HARDENED_RUNTIME = YES;
				PRODUCT_NAME = "$(TARGET_NAME)";
				SWIFT_VERSION = 5.0;
			};
			name = Release;
		};
/* End XCBuildConfiguration section */

/* Begin XCConfigurationList section */
		F6DD745323B6629E00F67EB4 /* Build configuration list for PBXProject "Projet3-RPG-OC" */ = {
			isa = XCConfigurationList;
			buildConfigurations = (
				F6DD745D23B6629F00F67EB4 /* Debug */,
				F6DD745E23B6629F00F67EB4 /* Release */,
			);
			defaultConfigurationIsVisible = 0;
			defaultConfigurationName = Release;
		};
		F6DD745F23B6629F00F67EB4 /* Build configuration list for PBXNativeTarget "Projet3-RPG-OC" */ = {
			isa = XCConfigurationList;
			buildConfigurations = (
				F6DD746023B6629F00F67EB4 /* Debug */,
				F6DD746123B6629F00F67EB4 /* Release */,
			);
			defaultConfigurationIsVisible = 0;
			defaultConfigurationName = Release;
		};
/* End XCConfigurationList section */
	};
	rootObject = F6DD745023B6629E00F67EB4 /* Project object */;
}
